// !$*UTF8*$!
{
	archiveVersion = 1;
	classes = {
	};
	objectVersion = 50;
	objects = {

/* Begin PBXBuildFile section */
		A4274F402545FFC300FFC232 /* AppDelegate.swift in Sources */ = {isa = PBXBuildFile; fileRef = A4274F3F2545FFC300FFC232 /* AppDelegate.swift */; };
		A4274F422545FFC300FFC232 /* SceneDelegate.swift in Sources */ = {isa = PBXBuildFile; fileRef = A4274F412545FFC300FFC232 /* SceneDelegate.swift */; };
		A4274F442545FFC300FFC232 /* ViewController.swift in Sources */ = {isa = PBXBuildFile; fileRef = A4274F432545FFC300FFC232 /* ViewController.swift */; };
		A4274F472545FFC300FFC232 /* Main.storyboard in Resources */ = {isa = PBXBuildFile; fileRef = A4274F452545FFC300FFC232 /* Main.storyboard */; };
		A4274F492545FFC300FFC232 /* Assets.xcassets in Resources */ = {isa = PBXBuildFile; fileRef = A4274F482545FFC300FFC232 /* Assets.xcassets */; };
		A4274F4C2545FFC300FFC232 /* LaunchScreen.storyboard in Resources */ = {isa = PBXBuildFile; fileRef = A4274F4A2545FFC300FFC232 /* LaunchScreen.storyboard */; };
		A4274F572545FFC300FFC232 /* ParstagramTests.swift in Sources */ = {isa = PBXBuildFile; fileRef = A4274F562545FFC300FFC232 /* ParstagramTests.swift */; };
		A4274F622545FFC300FFC232 /* ParstagramUITests.swift in Sources */ = {isa = PBXBuildFile; fileRef = A4274F612545FFC300FFC232 /* ParstagramUITests.swift */; };
/* End PBXBuildFile section */

/* Begin PBXContainerItemProxy section */
		A4274F532545FFC300FFC232 /* PBXContainerItemProxy */ = {
			isa = PBXContainerItemProxy;
			containerPortal = A4274F342545FFC300FFC232 /* Project object */;
			proxyType = 1;
			remoteGlobalIDString = A4274F3B2545FFC300FFC232;
			remoteInfo = Parstagram;
		};
		A4274F5E2545FFC300FFC232 /* PBXContainerItemProxy */ = {
			isa = PBXContainerItemProxy;
			containerPortal = A4274F342545FFC300FFC232 /* Project object */;
			proxyType = 1;
			remoteGlobalIDString = A4274F3B2545FFC300FFC232;
			remoteInfo = Parstagram;
		};
/* End PBXContainerItemProxy section */

/* Begin PBXFileReference section */
		A4274F3C2545FFC300FFC232 /* Parstagram.app */ = {isa = PBXFileReference; explicitFileType = wrapper.application; includeInIndex = 0; path = Parstagram.app; sourceTree = BUILT_PRODUCTS_DIR; };
		A4274F3F2545FFC300FFC232 /* AppDelegate.swift */ = {isa = PBXFileReference; lastKnownFileType = sourcecode.swift; path = AppDelegate.swift; sourceTree = "<group>"; };
		A4274F412545FFC300FFC232 /* SceneDelegate.swift */ = {isa = PBXFileReference; lastKnownFileType = sourcecode.swift; path = SceneDelegate.swift; sourceTree = "<group>"; };
		A4274F432545FFC300FFC232 /* ViewController.swift */ = {isa = PBXFileReference; lastKnownFileType = sourcecode.swift; path = ViewController.swift; sourceTree = "<group>"; };
		A4274F462545FFC300FFC232 /* Base */ = {isa = PBXFileReference; lastKnownFileType = file.storyboard; name = Base; path = Base.lproj/Main.storyboard; sourceTree = "<group>"; };
		A4274F482545FFC300FFC232 /* Assets.xcassets */ = {isa = PBXFileReference; lastKnownFileType = folder.assetcatalog; path = Assets.xcassets; sourceTree = "<group>"; };
		A4274F4B2545FFC300FFC232 /* Base */ = {isa = PBXFileReference; lastKnownFileType = file.storyboard; name = Base; path = Base.lproj/LaunchScreen.storyboard; sourceTree = "<group>"; };
		A4274F4D2545FFC300FFC232 /* Info.plist */ = {isa = PBXFileReference; lastKnownFileType = text.plist.xml; path = Info.plist; sourceTree = "<group>"; };
		A4274F522545FFC300FFC232 /* ParstagramTests.xctest */ = {isa = PBXFileReference; explicitFileType = wrapper.cfbundle; includeInIndex = 0; path = ParstagramTests.xctest; sourceTree = BUILT_PRODUCTS_DIR; };
		A4274F562545FFC300FFC232 /* ParstagramTests.swift */ = {isa = PBXFileReference; lastKnownFileType = sourcecode.swift; path = ParstagramTests.swift; sourceTree = "<group>"; };
		A4274F582545FFC300FFC232 /* Info.plist */ = {isa = PBXFileReference; lastKnownFileType = text.plist.xml; path = Info.plist; sourceTree = "<group>"; };
		A4274F5D2545FFC300FFC232 /* ParstagramUITests.xctest */ = {isa = PBXFileReference; explicitFileType = wrapper.cfbundle; includeInIndex = 0; path = ParstagramUITests.xctest; sourceTree = BUILT_PRODUCTS_DIR; };
		A4274F612545FFC300FFC232 /* ParstagramUITests.swift */ = {isa = PBXFileReference; lastKnownFileType = sourcecode.swift; path = ParstagramUITests.swift; sourceTree = "<group>"; };
		A4274F632545FFC300FFC232 /* Info.plist */ = {isa = PBXFileReference; lastKnownFileType = text.plist.xml; path = Info.plist; sourceTree = "<group>"; };
/* End PBXFileReference section */

/* Begin PBXFrameworksBuildPhase section */
		A4274F392545FFC300FFC232 /* Frameworks */ = {
			isa = PBXFrameworksBuildPhase;
			buildActionMask = 2147483647;
			files = (
			);
			runOnlyForDeploymentPostprocessing = 0;
		};
		A4274F4F2545FFC300FFC232 /* Frameworks */ = {
			isa = PBXFrameworksBuildPhase;
			buildActionMask = 2147483647;
			files = (
			);
			runOnlyForDeploymentPostprocessing = 0;
		};
		A4274F5A2545FFC300FFC232 /* Frameworks */ = {
			isa = PBXFrameworksBuildPhase;
			buildActionMask = 2147483647;
			files = (
			);
			runOnlyForDeploymentPostprocessing = 0;
		};
/* End PBXFrameworksBuildPhase section */

/* Begin PBXGroup section */
		A4274F332545FFC300FFC232 = {
			isa = PBXGroup;
			children = (
				A4274F3E2545FFC300FFC232 /* Parstagram */,
				A4274F552545FFC300FFC232 /* ParstagramTests */,
				A4274F602545FFC300FFC232 /* ParstagramUITests */,
				A4274F3D2545FFC300FFC232 /* Products */,
			);
			sourceTree = "<group>";
		};
		A4274F3D2545FFC300FFC232 /* Products */ = {
			isa = PBXGroup;
			children = (
				A4274F3C2545FFC300FFC232 /* Parstagram.app */,
				A4274F522545FFC300FFC232 /* ParstagramTests.xctest */,
				A4274F5D2545FFC300FFC232 /* ParstagramUITests.xctest */,
			);
			name = Products;
			sourceTree = "<group>";
		};
		A4274F3E2545FFC300FFC232 /* Parstagram */ = {
			isa = PBXGroup;
			children = (
				A4274F3F2545FFC300FFC232 /* AppDelegate.swift */,
				A4274F412545FFC300FFC232 /* SceneDelegate.swift */,
				A4274F432545FFC300FFC232 /* ViewController.swift */,
				A4274F452545FFC300FFC232 /* Main.storyboard */,
				A4274F482545FFC300FFC232 /* Assets.xcassets */,
				A4274F4A2545FFC300FFC232 /* LaunchScreen.storyboard */,
				A4274F4D2545FFC300FFC232 /* Info.plist */,
			);
			path = Parstagram;
			sourceTree = "<group>";
		};
		A4274F552545FFC300FFC232 /* ParstagramTests */ = {
			isa = PBXGroup;
			children = (
				A4274F562545FFC300FFC232 /* ParstagramTests.swift */,
				A4274F582545FFC300FFC232 /* Info.plist */,
			);
			path = ParstagramTests;
			sourceTree = "<group>";
		};
		A4274F602545FFC300FFC232 /* ParstagramUITests */ = {
			isa = PBXGroup;
			children = (
				A4274F612545FFC300FFC232 /* ParstagramUITests.swift */,
				A4274F632545FFC300FFC232 /* Info.plist */,
			);
			path = ParstagramUITests;
			sourceTree = "<group>";
		};
/* End PBXGroup section */

/* Begin PBXNativeTarget section */
		A4274F3B2545FFC300FFC232 /* Parstagram */ = {
			isa = PBXNativeTarget;
			buildConfigurationList = A4274F662545FFC300FFC232 /* Build configuration list for PBXNativeTarget "Parstagram" */;
			buildPhases = (
				A4274F382545FFC300FFC232 /* Sources */,
				A4274F392545FFC300FFC232 /* Frameworks */,
				A4274F3A2545FFC300FFC232 /* Resources */,
			);
			buildRules = (
			);
			dependencies = (
			);
			name = Parstagram;
			productName = Parstagram;
			productReference = A4274F3C2545FFC300FFC232 /* Parstagram.app */;
			productType = "com.apple.product-type.application";
		};
		A4274F512545FFC300FFC232 /* ParstagramTests */ = {
			isa = PBXNativeTarget;
			buildConfigurationList = A4274F692545FFC300FFC232 /* Build configuration list for PBXNativeTarget "ParstagramTests" */;
			buildPhases = (
				A4274F4E2545FFC300FFC232 /* Sources */,
				A4274F4F2545FFC300FFC232 /* Frameworks */,
				A4274F502545FFC300FFC232 /* Resources */,
			);
			buildRules = (
			);
			dependencies = (
				A4274F542545FFC300FFC232 /* PBXTargetDependency */,
			);
			name = ParstagramTests;
			productName = ParstagramTests;
			productReference = A4274F522545FFC300FFC232 /* ParstagramTests.xctest */;
			productType = "com.apple.product-type.bundle.unit-test";
		};
		A4274F5C2545FFC300FFC232 /* ParstagramUITests */ = {
			isa = PBXNativeTarget;
			buildConfigurationList = A4274F6C2545FFC300FFC232 /* Build configuration list for PBXNativeTarget "ParstagramUITests" */;
			buildPhases = (
				A4274F592545FFC300FFC232 /* Sources */,
				A4274F5A2545FFC300FFC232 /* Frameworks */,
				A4274F5B2545FFC300FFC232 /* Resources */,
			);
			buildRules = (
			);
			dependencies = (
				A4274F5F2545FFC300FFC232 /* PBXTargetDependency */,
			);
			name = ParstagramUITests;
			productName = ParstagramUITests;
			productReference = A4274F5D2545FFC300FFC232 /* ParstagramUITests.xctest */;
			productType = "com.apple.product-type.bundle.ui-testing";
		};
/* End PBXNativeTarget section */

/* Begin PBXProject section */
		A4274F342545FFC300FFC232 /* Project object */ = {
			isa = PBXProject;
			attributes = {
				LastSwiftUpdateCheck = 1210;
				LastUpgradeCheck = 1210;
				TargetAttributes = {
					A4274F3B2545FFC300FFC232 = {
						CreatedOnToolsVersion = 12.1;
					};
					A4274F512545FFC300FFC232 = {
						CreatedOnToolsVersion = 12.1;
						TestTargetID = A4274F3B2545FFC300FFC232;
					};
					A4274F5C2545FFC300FFC232 = {
						CreatedOnToolsVersion = 12.1;
						TestTargetID = A4274F3B2545FFC300FFC232;
					};
				};
			};
			buildConfigurationList = A4274F372545FFC300FFC232 /* Build configuration list for PBXProject "Parstagram" */;
			compatibilityVersion = "Xcode 9.3";
			developmentRegion = en;
			hasScannedForEncodings = 0;
			knownRegions = (
				en,
				Base,
			);
			mainGroup = A4274F332545FFC300FFC232;
			productRefGroup = A4274F3D2545FFC300FFC232 /* Products */;
			projectDirPath = "";
			projectRoot = "";
			targets = (
				A4274F3B2545FFC300FFC232 /* Parstagram */,
				A4274F512545FFC300FFC232 /* ParstagramTests */,
				A4274F5C2545FFC300FFC232 /* ParstagramUITests */,
			);
		};
/* End PBXProject section */

/* Begin PBXResourcesBuildPhase section */
		A4274F3A2545FFC300FFC232 /* Resources */ = {
			isa = PBXResourcesBuildPhase;
			buildActionMask = 2147483647;
			files = (
				A4274F4C2545FFC300FFC232 /* LaunchScreen.storyboard in Resources */,
				A4274F492545FFC300FFC232 /* Assets.xcassets in Resources */,
				A4274F472545FFC300FFC232 /* Main.storyboard in Resources */,
			);
			runOnlyForDeploymentPostprocessing = 0;
		};
		A4274F502545FFC300FFC232 /* Resources */ = {
			isa = PBXResourcesBuildPhase;
			buildActionMask = 2147483647;
			files = (
			);
			runOnlyForDeploymentPostprocessing = 0;
		};
		A4274F5B2545FFC300FFC232 /* Resources */ = {
			isa = PBXResourcesBuildPhase;
			buildActionMask = 2147483647;
			files = (
			);
			runOnlyForDeploymentPostprocessing = 0;
		};
/* End PBXResourcesBuildPhase section */

/* Begin PBXSourcesBuildPhase section */
		A4274F382545FFC300FFC232 /* Sources */ = {
			isa = PBXSourcesBuildPhase;
			buildActionMask = 2147483647;
			files = (
				A4274F442545FFC300FFC232 /* ViewController.swift in Sources */,
				A4274F402545FFC300FFC232 /* AppDelegate.swift in Sources */,
				A4274F422545FFC300FFC232 /* SceneDelegate.swift in Sources */,
			);
			runOnlyForDeploymentPostprocessing = 0;
		};
		A4274F4E2545FFC300FFC232 /* Sources */ = {
			isa = PBXSourcesBuildPhase;
			buildActionMask = 2147483647;
			files = (
				A4274F572545FFC300FFC232 /* ParstagramTests.swift in Sources */,
			);
			runOnlyForDeploymentPostprocessing = 0;
		};
		A4274F592545FFC300FFC232 /* Sources */ = {
			isa = PBXSourcesBuildPhase;
			buildActionMask = 2147483647;
			files = (
				A4274F622545FFC300FFC232 /* ParstagramUITests.swift in Sources */,
			);
			runOnlyForDeploymentPostprocessing = 0;
		};
/* End PBXSourcesBuildPhase section */

/* Begin PBXTargetDependency section */
		A4274F542545FFC300FFC232 /* PBXTargetDependency */ = {
			isa = PBXTargetDependency;
			target = A4274F3B2545FFC300FFC232 /* Parstagram */;
			targetProxy = A4274F532545FFC300FFC232 /* PBXContainerItemProxy */;
		};
		A4274F5F2545FFC300FFC232 /* PBXTargetDependency */ = {
			isa = PBXTargetDependency;
			target = A4274F3B2545FFC300FFC232 /* Parstagram */;
			targetProxy = A4274F5E2545FFC300FFC232 /* PBXContainerItemProxy */;
		};
/* End PBXTargetDependency section */

/* Begin PBXVariantGroup section */
		A4274F452545FFC300FFC232 /* Main.storyboard */ = {
			isa = PBXVariantGroup;
			children = (
				A4274F462545FFC300FFC232 /* Base */,
			);
			name = Main.storyboard;
			sourceTree = "<group>";
		};
		A4274F4A2545FFC300FFC232 /* LaunchScreen.storyboard */ = {
			isa = PBXVariantGroup;
			children = (
				A4274F4B2545FFC300FFC232 /* Base */,
			);
			name = LaunchScreen.storyboard;
			sourceTree = "<group>";
		};
/* End PBXVariantGroup section */

/* Begin XCBuildConfiguration section */
		A4274F642545FFC300FFC232 /* Debug */ = {
			isa = XCBuildConfiguration;
			buildSettings = {
				ALWAYS_SEARCH_USER_PATHS = NO;
				CLANG_ANALYZER_NONNULL = YES;
				CLANG_ANALYZER_NUMBER_OBJECT_CONVERSION = YES_AGGRESSIVE;
				CLANG_CXX_LANGUAGE_STANDARD = "gnu++14";
				CLANG_CXX_LIBRARY = "libc++";
				CLANG_ENABLE_MODULES = YES;
				CLANG_ENABLE_OBJC_ARC = YES;
				CLANG_ENABLE_OBJC_WEAK = YES;
				CLANG_WARN_BLOCK_CAPTURE_AUTORELEASING = YES;
				CLANG_WARN_BOOL_CONVERSION = YES;
				CLANG_WARN_COMMA = YES;
				CLANG_WARN_CONSTANT_CONVERSION = YES;
				CLANG_WARN_DEPRECATED_OBJC_IMPLEMENTATIONS = YES;
				CLANG_WARN_DIRECT_OBJC_ISA_USAGE = YES_ERROR;
				CLANG_WARN_DOCUMENTATION_COMMENTS = YES;
				CLANG_WARN_EMPTY_BODY = YES;
				CLANG_WARN_ENUM_CONVERSION = YES;
				CLANG_WARN_INFINITE_RECURSION = YES;
				CLANG_WARN_INT_CONVERSION = YES;
				CLANG_WARN_NON_LITERAL_NULL_CONVERSION = YES;
				CLANG_WARN_OBJC_IMPLICIT_RETAIN_SELF = YES;
				CLANG_WARN_OBJC_LITERAL_CONVERSION = YES;
				CLANG_WARN_OBJC_ROOT_CLASS = YES_ERROR;
				CLANG_WARN_QUOTED_INCLUDE_IN_FRAMEWORK_HEADER = YES;
				CLANG_WARN_RANGE_LOOP_ANALYSIS = YES;
				CLANG_WARN_STRICT_PROTOTYPES = YES;
				CLANG_WARN_SUSPICIOUS_MOVE = YES;
				CLANG_WARN_UNGUARDED_AVAILABILITY = YES_AGGRESSIVE;
				CLANG_WARN_UNREACHABLE_CODE = YES;
				CLANG_WARN__DUPLICATE_METHOD_MATCH = YES;
				COPY_PHASE_STRIP = NO;
				DEBUG_INFORMATION_FORMAT = dwarf;
				ENABLE_STRICT_OBJC_MSGSEND = YES;
				ENABLE_TESTABILITY = YES;
				GCC_C_LANGUAGE_STANDARD = gnu11;
				GCC_DYNAMIC_NO_PIC = NO;
				GCC_NO_COMMON_BLOCKS = YES;
				GCC_OPTIMIZATION_LEVEL = 0;
				GCC_PREPROCESSOR_DEFINITIONS = (
					"DEBUG=1",
					"$(inherited)",
				);
				GCC_WARN_64_TO_32_BIT_CONVERSION = YES;
				GCC_WARN_ABOUT_RETURN_TYPE = YES_ERROR;
				GCC_WARN_UNDECLARED_SELECTOR = YES;
				GCC_WARN_UNINITIALIZED_AUTOS = YES_AGGRESSIVE;
				GCC_WARN_UNUSED_FUNCTION = YES;
				GCC_WARN_UNUSED_VARIABLE = YES;
				IPHONEOS_DEPLOYMENT_TARGET = 14.1;
				MTL_ENABLE_DEBUG_INFO = INCLUDE_SOURCE;
				MTL_FAST_MATH = YES;
				ONLY_ACTIVE_ARCH = YES;
				SDKROOT = iphoneos;
				SWIFT_ACTIVE_COMPILATION_CONDITIONS = DEBUG;
				SWIFT_OPTIMIZATION_LEVEL = "-Onone";
			};
			name = Debug;
		};
		A4274F652545FFC300FFC232 /* Release */ = {
			isa = XCBuildConfiguration;
			buildSettings = {
				ALWAYS_SEARCH_USER_PATHS = NO;
				CLANG_ANALYZER_NONNULL = YES;
				CLANG_ANALYZER_NUMBER_OBJECT_CONVERSION = YES_AGGRESSIVE;
				CLANG_CXX_LANGUAGE_STANDARD = "gnu++14";
				CLANG_CXX_LIBRARY = "libc++";
				CLANG_ENABLE_MODULES = YES;
				CLANG_ENABLE_OBJC_ARC = YES;
				CLANG_ENABLE_OBJC_WEAK = YES;
				CLANG_WARN_BLOCK_CAPTURE_AUTORELEASING = YES;
				CLANG_WARN_BOOL_CONVERSION = YES;
				CLANG_WARN_COMMA = YES;
				CLANG_WARN_CONSTANT_CONVERSION = YES;
				CLANG_WARN_DEPRECATED_OBJC_IMPLEMENTATIONS = YES;
				CLANG_WARN_DIRECT_OBJC_ISA_USAGE = YES_ERROR;
				CLANG_WARN_DOCUMENTATION_COMMENTS = YES;
				CLANG_WARN_EMPTY_BODY = YES;
				CLANG_WARN_ENUM_CONVERSION = YES;
				CLANG_WARN_INFINITE_RECURSION = YES;
				CLANG_WARN_INT_CONVERSION = YES;
				CLANG_WARN_NON_LITERAL_NULL_CONVERSION = YES;
				CLANG_WARN_OBJC_IMPLICIT_RETAIN_SELF = YES;
				CLANG_WARN_OBJC_LITERAL_CONVERSION = YES;
				CLANG_WARN_OBJC_ROOT_CLASS = YES_ERROR;
				CLANG_WARN_QUOTED_INCLUDE_IN_FRAMEWORK_HEADER = YES;
				CLANG_WARN_RANGE_LOOP_ANALYSIS = YES;
				CLANG_WARN_STRICT_PROTOTYPES = YES;
				CLANG_WARN_SUSPICIOUS_MOVE = YES;
				CLANG_WARN_UNGUARDED_AVAILABILITY = YES_AGGRESSIVE;
				CLANG_WARN_UNREACHABLE_CODE = YES;
				CLANG_WARN__DUPLICATE_METHOD_MATCH = YES;
				COPY_PHASE_STRIP = NO;
				DEBUG_INFORMATION_FORMAT = "dwarf-with-dsym";
				ENABLE_NS_ASSERTIONS = NO;
				ENABLE_STRICT_OBJC_MSGSEND = YES;
				GCC_C_LANGUAGE_STANDARD = gnu11;
				GCC_NO_COMMON_BLOCKS = YES;
				GCC_WARN_64_TO_32_BIT_CONVERSION = YES;
				GCC_WARN_ABOUT_RETURN_TYPE = YES_ERROR;
				GCC_WARN_UNDECLARED_SELECTOR = YES;
				GCC_WARN_UNINITIALIZED_AUTOS = YES_AGGRESSIVE;
				GCC_WARN_UNUSED_FUNCTION = YES;
				GCC_WARN_UNUSED_VARIABLE = YES;
				IPHONEOS_DEPLOYMENT_TARGET = 14.1;
				MTL_ENABLE_DEBUG_INFO = NO;
				MTL_FAST_MATH = YES;
				SDKROOT = iphoneos;
				SWIFT_COMPILATION_MODE = wholemodule;
				SWIFT_OPTIMIZATION_LEVEL = "-O";
				VALIDATE_PRODUCT = YES;
			};
			name = Release;
		};
		A4274F672545FFC300FFC232 /* Debug */ = {
			isa = XCBuildConfiguration;
			buildSettings = {
				ASSETCATALOG_COMPILER_APPICON_NAME = AppIcon;
				ASSETCATALOG_COMPILER_GLOBAL_ACCENT_COLOR_NAME = AccentColor;
				CODE_SIGN_STYLE = Automatic;
				DEVELOPMENT_TEAM = W469A8F2E3;
				INFOPLIST_FILE = Parstagram/Info.plist;
				LD_RUNPATH_SEARCH_PATHS = (
					"$(inherited)",
					"@executable_path/Frameworks",
				);
				PRODUCT_BUNDLE_IDENTIFIER = XenoStorm.Parstagram;
				PRODUCT_NAME = "$(TARGET_NAME)";
				SWIFT_VERSION = 5.0;
				TARGETED_DEVICE_FAMILY = "1,2";
			};
			name = Debug;
		};
		A4274F682545FFC300FFC232 /* Release */ = {
			isa = XCBuildConfiguration;
			buildSettings = {
				ASSETCATALOG_COMPILER_APPICON_NAME = AppIcon;
				ASSETCATALOG_COMPILER_GLOBAL_ACCENT_COLOR_NAME = AccentColor;
				CODE_SIGN_STYLE = Automatic;
				DEVELOPMENT_TEAM = W469A8F2E3;
				INFOPLIST_FILE = Parstagram/Info.plist;
				LD_RUNPATH_SEARCH_PATHS = (
					"$(inherited)",
					"@executable_path/Frameworks",
				);
				PRODUCT_BUNDLE_IDENTIFIER = XenoStorm.Parstagram;
				PRODUCT_NAME = "$(TARGET_NAME)";
				SWIFT_VERSION = 5.0;
				TARGETED_DEVICE_FAMILY = "1,2";
			};
			name = Release;
		};
		A4274F6A2545FFC300FFC232 /* Debug */ = {
			isa = XCBuildConfiguration;
			buildSettings = {
				ALWAYS_EMBED_SWIFT_STANDARD_LIBRARIES = YES;
				BUNDLE_LOADER = "$(TEST_HOST)";
				CODE_SIGN_STYLE = Automatic;
				DEVELOPMENT_TEAM = W469A8F2E3;
				INFOPLIST_FILE = ParstagramTests/Info.plist;
				IPHONEOS_DEPLOYMENT_TARGET = 14.1;
				LD_RUNPATH_SEARCH_PATHS = (
					"$(inherited)",
					"@executable_path/Frameworks",
					"@loader_path/Frameworks",
				);
				PRODUCT_BUNDLE_IDENTIFIER = XenoStorm.ParstagramTests;
				PRODUCT_NAME = "$(TARGET_NAME)";
				SWIFT_VERSION = 5.0;
				TARGETED_DEVICE_FAMILY = "1,2";
				TEST_HOST = "$(BUILT_PRODUCTS_DIR)/Parstagram.app/Parstagram";
			};
			name = Debug;
		};
		A4274F6B2545FFC300FFC232 /* Release */ = {
			isa = XCBuildConfiguration;
			buildSettings = {
				ALWAYS_EMBED_SWIFT_STANDARD_LIBRARIES = YES;
				BUNDLE_LOADER = "$(TEST_HOST)";
				CODE_SIGN_STYLE = Automatic;
				DEVELOPMENT_TEAM = W469A8F2E3;
				INFOPLIST_FILE = ParstagramTests/Info.plist;
				IPHONEOS_DEPLOYMENT_TARGET = 14.1;
				LD_RUNPATH_SEARCH_PATHS = (
					"$(inherited)",
					"@executable_path/Frameworks",
					"@loader_path/Frameworks",
				);
				PRODUCT_BUNDLE_IDENTIFIER = XenoStorm.ParstagramTests;
				PRODUCT_NAME = "$(TARGET_NAME)";
				SWIFT_VERSION = 5.0;
				TARGETED_DEVICE_FAMILY = "1,2";
				TEST_HOST = "$(BUILT_PRODUCTS_DIR)/Parstagram.app/Parstagram";
			};
			name = Release;
		};
		A4274F6D2545FFC300FFC232 /* Debug */ = {
			isa = XCBuildConfiguration;
			buildSettings = {
				ALWAYS_EMBED_SWIFT_STANDARD_LIBRARIES = YES;
				CODE_SIGN_STYLE = Automatic;
				DEVELOPMENT_TEAM = W469A8F2E3;
				INFOPLIST_FILE = ParstagramUITests/Info.plist;
				LD_RUNPATH_SEARCH_PATHS = (
					"$(inherited)",
					"@executable_path/Frameworks",
					"@loader_path/Frameworks",
				);
				PRODUCT_BUNDLE_IDENTIFIER = XenoStorm.ParstagramUITests;
				PRODUCT_NAME = "$(TARGET_NAME)";
				SWIFT_VERSION = 5.0;
				TARGETED_DEVICE_FAMILY = "1,2";
				TEST_TARGET_NAME = Parstagram;
			};
			name = Debug;
		};
		A4274F6E2545FFC300FFC232 /* Release */ = {
			isa = XCBuildConfiguration;
			buildSettings = {
				ALWAYS_EMBED_SWIFT_STANDARD_LIBRARIES = YES;
				CODE_SIGN_STYLE = Automatic;
				DEVELOPMENT_TEAM = W469A8F2E3;
				INFOPLIST_FILE = ParstagramUITests/Info.plist;
				LD_RUNPATH_SEARCH_PATHS = (
					"$(inherited)",
					"@executable_path/Frameworks",
					"@loader_path/Frameworks",
				);
				PRODUCT_BUNDLE_IDENTIFIER = XenoStorm.ParstagramUITests;
				PRODUCT_NAME = "$(TARGET_NAME)";
				SWIFT_VERSION = 5.0;
				TARGETED_DEVICE_FAMILY = "1,2";
				TEST_TARGET_NAME = Parstagram;
			};
			name = Release;
		};
/* End XCBuildConfiguration section */

/* Begin XCConfigurationList section */
		A4274F372545FFC300FFC232 /* Build configuration list for PBXProject "Parstagram" */ = {
			isa = XCConfigurationList;
			buildConfigurations = (
				A4274F642545FFC300FFC232 /* Debug */,
				A4274F652545FFC300FFC232 /* Release */,
			);
			defaultConfigurationIsVisible = 0;
			defaultConfigurationName = Release;
		};
		A4274F662545FFC300FFC232 /* Build configuration list for PBXNativeTarget "Parstagram" */ = {
			isa = XCConfigurationList;
			buildConfigurations = (
				A4274F672545FFC300FFC232 /* Debug */,
				A4274F682545FFC300FFC232 /* Release */,
			);
			defaultConfigurationIsVisible = 0;
			defaultConfigurationName = Release;
		};
		A4274F692545FFC300FFC232 /* Build configuration list for PBXNativeTarget "ParstagramTests" */ = {
			isa = XCConfigurationList;
			buildConfigurations = (
				A4274F6A2545FFC300FFC232 /* Debug */,
				A4274F6B2545FFC300FFC232 /* Release */,
			);
			defaultConfigurationIsVisible = 0;
			defaultConfigurationName = Release;
		};
		A4274F6C2545FFC300FFC232 /* Build configuration list for PBXNativeTarget "ParstagramUITests" */ = {
			isa = XCConfigurationList;
			buildConfigurations = (
				A4274F6D2545FFC300FFC232 /* Debug */,
				A4274F6E2545FFC300FFC232 /* Release */,
			);
			defaultConfigurationIsVisible = 0;
			defaultConfigurationName = Release;
		};
/* End XCConfigurationList section */
	};
	rootObject = A4274F342545FFC300FFC232 /* Project object */;
}
